// !$*UTF8*$!
{
	archiveVersion = 1;
	classes = {
	};
	objectVersion = 56;
	objects = {

/* Begin PBXBuildFile section */
		631BA83C28E2E37300BEF91F /* CircuitsView.swift in Sources */ = {isa = PBXBuildFile; fileRef = 631BA83B28E2E37200BEF91F /* CircuitsView.swift */; };
		631BA83E28E2E45400BEF91F /* CircuitsModel.swift in Sources */ = {isa = PBXBuildFile; fileRef = 631BA83D28E2E45400BEF91F /* CircuitsModel.swift */; };
		631BA84028E3421400BEF91F /* RankDriverItemView.swift in Sources */ = {isa = PBXBuildFile; fileRef = 631BA83F28E3421400BEF91F /* RankDriverItemView.swift */; };
		631BA84228E3466C00BEF91F /* RankTeamItemView.swift in Sources */ = {isa = PBXBuildFile; fileRef = 631BA84128E3466C00BEF91F /* RankTeamItemView.swift */; };
		631BA84428E3527100BEF91F /* RaceItemView.swift in Sources */ = {isa = PBXBuildFile; fileRef = 631BA84328E3527100BEF91F /* RaceItemView.swift */; };
		631BA84628E361FB00BEF91F /* CircuitItemView.swift in Sources */ = {isa = PBXBuildFile; fileRef = 631BA84528E361FB00BEF91F /* CircuitItemView.swift */; };
		631BA84828E3675300BEF91F /* RaceDetailView.swift in Sources */ = {isa = PBXBuildFile; fileRef = 631BA84728E3675300BEF91F /* RaceDetailView.swift */; };
		632C927028E2032E00F6C631 /* F1_StatsApp.swift in Sources */ = {isa = PBXBuildFile; fileRef = 632C926F28E2032E00F6C631 /* F1_StatsApp.swift */; };
		632C927228E2032E00F6C631 /* RankView.swift in Sources */ = {isa = PBXBuildFile; fileRef = 632C927128E2032E00F6C631 /* RankView.swift */; };
		632C927428E2033000F6C631 /* Assets.xcassets in Resources */ = {isa = PBXBuildFile; fileRef = 632C927328E2033000F6C631 /* Assets.xcassets */; };
		632C927728E2033000F6C631 /* Preview Assets.xcassets in Resources */ = {isa = PBXBuildFile; fileRef = 632C927628E2033000F6C631 /* Preview Assets.xcassets */; };
		632C928128E23DB600F6C631 /* RankModel.swift in Sources */ = {isa = PBXBuildFile; fileRef = 632C928028E23DB600F6C631 /* RankModel.swift */; };
		632C928528E23F6200F6C631 /* APIService.swift in Sources */ = {isa = PBXBuildFile; fileRef = 632C928428E23F6100F6C631 /* APIService.swift */; };
		632C928B28E243CA00F6C631 /* Environment.swift in Sources */ = {isa = PBXBuildFile; fileRef = 632C928A28E243CA00F6C631 /* Environment.swift */; };
		632C928E28E251A400F6C631 /* RacesView.swift in Sources */ = {isa = PBXBuildFile; fileRef = 632C928D28E251A400F6C631 /* RacesView.swift */; };
		632C929028E2529000F6C631 /* MainView.swift in Sources */ = {isa = PBXBuildFile; fileRef = 632C928F28E2529000F6C631 /* MainView.swift */; };
		632C92AB28E25C8400F6C631 /* f1regular.ttf in Resources */ = {isa = PBXBuildFile; fileRef = 632C92A928E25C8400F6C631 /* f1regular.ttf */; };
		632C92AC28E25C8400F6C631 /* f1bold.ttf in Resources */ = {isa = PBXBuildFile; fileRef = 632C92AA28E25C8400F6C631 /* f1bold.ttf */; };
		632C92AE28E25EB700F6C631 /* RacesModel.swift in Sources */ = {isa = PBXBuildFile; fileRef = 632C92AD28E25EB700F6C631 /* RacesModel.swift */; };
/* End PBXBuildFile section */

/* Begin PBXFileReference section */
		631BA83B28E2E37200BEF91F /* CircuitsView.swift */ = {isa = PBXFileReference; lastKnownFileType = sourcecode.swift; path = CircuitsView.swift; sourceTree = "<group>"; };
		631BA83D28E2E45400BEF91F /* CircuitsModel.swift */ = {isa = PBXFileReference; lastKnownFileType = sourcecode.swift; path = CircuitsModel.swift; sourceTree = "<group>"; };
		631BA83F28E3421400BEF91F /* RankDriverItemView.swift */ = {isa = PBXFileReference; lastKnownFileType = sourcecode.swift; path = RankDriverItemView.swift; sourceTree = "<group>"; };
		631BA84128E3466C00BEF91F /* RankTeamItemView.swift */ = {isa = PBXFileReference; lastKnownFileType = sourcecode.swift; path = RankTeamItemView.swift; sourceTree = "<group>"; };
		631BA84328E3527100BEF91F /* RaceItemView.swift */ = {isa = PBXFileReference; lastKnownFileType = sourcecode.swift; path = RaceItemView.swift; sourceTree = "<group>"; };
		631BA84528E361FB00BEF91F /* CircuitItemView.swift */ = {isa = PBXFileReference; lastKnownFileType = sourcecode.swift; path = CircuitItemView.swift; sourceTree = "<group>"; };
		631BA84728E3675300BEF91F /* RaceDetailView.swift */ = {isa = PBXFileReference; lastKnownFileType = sourcecode.swift; path = RaceDetailView.swift; sourceTree = "<group>"; };
		632C926C28E2032E00F6C631 /* F1 Stats.app */ = {isa = PBXFileReference; explicitFileType = wrapper.application; includeInIndex = 0; path = "F1 Stats.app"; sourceTree = BUILT_PRODUCTS_DIR; };
		632C926F28E2032E00F6C631 /* F1_StatsApp.swift */ = {isa = PBXFileReference; lastKnownFileType = sourcecode.swift; path = F1_StatsApp.swift; sourceTree = "<group>"; };
		632C927128E2032E00F6C631 /* RankView.swift */ = {isa = PBXFileReference; lastKnownFileType = sourcecode.swift; path = RankView.swift; sourceTree = "<group>"; };
		632C927328E2033000F6C631 /* Assets.xcassets */ = {isa = PBXFileReference; lastKnownFileType = folder.assetcatalog; path = Assets.xcassets; sourceTree = "<group>"; };
		632C927628E2033000F6C631 /* Preview Assets.xcassets */ = {isa = PBXFileReference; lastKnownFileType = folder.assetcatalog; path = "Preview Assets.xcassets"; sourceTree = "<group>"; };
		632C928028E23DB600F6C631 /* RankModel.swift */ = {isa = PBXFileReference; lastKnownFileType = sourcecode.swift; path = RankModel.swift; sourceTree = "<group>"; };
		632C928428E23F6100F6C631 /* APIService.swift */ = {isa = PBXFileReference; lastKnownFileType = sourcecode.swift; path = APIService.swift; sourceTree = "<group>"; };
		632C928828E241B000F6C631 /* Config.xcconfig */ = {isa = PBXFileReference; lastKnownFileType = text.xcconfig; path = Config.xcconfig; sourceTree = "<group>"; };
		632C928928E2437D00F6C631 /* F1-Stats-Info.plist */ = {isa = PBXFileReference; lastKnownFileType = text.plist; path = "F1-Stats-Info.plist"; sourceTree = SOURCE_ROOT; };
		632C928A28E243CA00F6C631 /* Environment.swift */ = {isa = PBXFileReference; lastKnownFileType = sourcecode.swift; path = Environment.swift; sourceTree = "<group>"; };
		632C928D28E251A400F6C631 /* RacesView.swift */ = {isa = PBXFileReference; lastKnownFileType = sourcecode.swift; path = RacesView.swift; sourceTree = "<group>"; };
		632C928F28E2529000F6C631 /* MainView.swift */ = {isa = PBXFileReference; lastKnownFileType = sourcecode.swift; path = MainView.swift; sourceTree = "<group>"; };
		632C92A928E25C8400F6C631 /* f1regular.ttf */ = {isa = PBXFileReference; lastKnownFileType = file; path = f1regular.ttf; sourceTree = "<group>"; };
		632C92AA28E25C8400F6C631 /* f1bold.ttf */ = {isa = PBXFileReference; lastKnownFileType = file; path = f1bold.ttf; sourceTree = "<group>"; };
		632C92AD28E25EB700F6C631 /* RacesModel.swift */ = {isa = PBXFileReference; lastKnownFileType = sourcecode.swift; path = RacesModel.swift; sourceTree = "<group>"; };
/* End PBXFileReference section */

/* Begin PBXFrameworksBuildPhase section */
		632C926928E2032E00F6C631 /* Frameworks */ = {
			isa = PBXFrameworksBuildPhase;
			buildActionMask = 2147483647;
			files = (
			);
			runOnlyForDeploymentPostprocessing = 0;
		};
/* End PBXFrameworksBuildPhase section */

/* Begin PBXGroup section */
		632C926328E2032E00F6C631 = {
			isa = PBXGroup;
			children = (
				632C926E28E2032E00F6C631 /* F1 Stats */,
				632C926D28E2032E00F6C631 /* Products */,
			);
			sourceTree = "<group>";
		};
		632C926D28E2032E00F6C631 /* Products */ = {
			isa = PBXGroup;
			children = (
				632C926C28E2032E00F6C631 /* F1 Stats.app */,
			);
			name = Products;
			sourceTree = "<group>";
		};
		632C926E28E2032E00F6C631 /* F1 Stats */ = {
			isa = PBXGroup;
			children = (
				632C92A828E25C6400F6C631 /* fonts */,
				632C928C28E2513900F6C631 /* Views */,
				632C928928E2437D00F6C631 /* F1-Stats-Info.plist */,
				632C928328E23F5300F6C631 /* Services */,
				632C927F28E23DA400F6C631 /* Model */,
				632C926F28E2032E00F6C631 /* F1_StatsApp.swift */,
				632C927328E2033000F6C631 /* Assets.xcassets */,
				632C927528E2033000F6C631 /* Preview Content */,
				632C928828E241B000F6C631 /* Config.xcconfig */,
				632C928A28E243CA00F6C631 /* Environment.swift */,
			);
			path = "F1 Stats";
			sourceTree = "<group>";
		};
		632C927528E2033000F6C631 /* Preview Content */ = {
			isa = PBXGroup;
			children = (
				632C927628E2033000F6C631 /* Preview Assets.xcassets */,
			);
			path = "Preview Content";
			sourceTree = "<group>";
		};
		632C927F28E23DA400F6C631 /* Model */ = {
			isa = PBXGroup;
			children = (
				632C928028E23DB600F6C631 /* RankModel.swift */,
				632C92AD28E25EB700F6C631 /* RacesModel.swift */,
				631BA83D28E2E45400BEF91F /* CircuitsModel.swift */,
			);
			path = Model;
			sourceTree = "<group>";
		};
		632C928328E23F5300F6C631 /* Services */ = {
			isa = PBXGroup;
			children = (
				632C928428E23F6100F6C631 /* APIService.swift */,
			);
			path = Services;
			sourceTree = "<group>";
		};
		632C928C28E2513900F6C631 /* Views */ = {
			isa = PBXGroup;
			children = (
				632C927128E2032E00F6C631 /* RankView.swift */,
				631BA84528E361FB00BEF91F /* CircuitItemView.swift */,
				632C928D28E251A400F6C631 /* RacesView.swift */,
				632C928F28E2529000F6C631 /* MainView.swift */,
				631BA83B28E2E37200BEF91F /* CircuitsView.swift */,
				631BA83F28E3421400BEF91F /* RankDriverItemView.swift */,
				631BA84128E3466C00BEF91F /* RankTeamItemView.swift */,
				631BA84328E3527100BEF91F /* RaceItemView.swift */,
				631BA84728E3675300BEF91F /* RaceDetailView.swift */,
			);
			path = Views;
			sourceTree = "<group>";
		};
		632C92A828E25C6400F6C631 /* fonts */ = {
			isa = PBXGroup;
			children = (
				632C92AA28E25C8400F6C631 /* f1bold.ttf */,
				632C92A928E25C8400F6C631 /* f1regular.ttf */,
			);
			path = fonts;
			sourceTree = "<group>";
		};
/* End PBXGroup section */

/* Begin PBXNativeTarget section */
		632C926B28E2032E00F6C631 /* F1 Stats */ = {
			isa = PBXNativeTarget;
			buildConfigurationList = 632C927A28E2033000F6C631 /* Build configuration list for PBXNativeTarget "F1 Stats" */;
			buildPhases = (
				632C926828E2032E00F6C631 /* Sources */,
				632C926928E2032E00F6C631 /* Frameworks */,
				632C926A28E2032E00F6C631 /* Resources */,
			);
			buildRules = (
			);
			dependencies = (
			);
			name = "F1 Stats";
			productName = "F1 Stats";
			productReference = 632C926C28E2032E00F6C631 /* F1 Stats.app */;
			productType = "com.apple.product-type.application";
		};
/* End PBXNativeTarget section */

/* Begin PBXProject section */
		632C926428E2032E00F6C631 /* Project object */ = {
			isa = PBXProject;
			attributes = {
				BuildIndependentTargetsInParallel = 1;
				LastSwiftUpdateCheck = 1400;
				LastUpgradeCheck = 1400;
				TargetAttributes = {
					632C926B28E2032E00F6C631 = {
						CreatedOnToolsVersion = 14.0;
					};
				};
			};
			buildConfigurationList = 632C926728E2032E00F6C631 /* Build configuration list for PBXProject "F1 Stats" */;
			compatibilityVersion = "Xcode 14.0";
			developmentRegion = en;
			hasScannedForEncodings = 0;
			knownRegions = (
				en,
				Base,
			);
			mainGroup = 632C926328E2032E00F6C631;
			productRefGroup = 632C926D28E2032E00F6C631 /* Products */;
			projectDirPath = "";
			projectRoot = "";
			targets = (
				632C926B28E2032E00F6C631 /* F1 Stats */,
			);
		};
/* End PBXProject section */

/* Begin PBXResourcesBuildPhase section */
		632C926A28E2032E00F6C631 /* Resources */ = {
			isa = PBXResourcesBuildPhase;
			buildActionMask = 2147483647;
			files = (
				632C927728E2033000F6C631 /* Preview Assets.xcassets in Resources */,
				632C92AB28E25C8400F6C631 /* f1regular.ttf in Resources */,
				632C92AC28E25C8400F6C631 /* f1bold.ttf in Resources */,
				632C927428E2033000F6C631 /* Assets.xcassets in Resources */,
			);
			runOnlyForDeploymentPostprocessing = 0;
		};
/* End PBXResourcesBuildPhase section */

/* Begin PBXSourcesBuildPhase section */
		632C926828E2032E00F6C631 /* Sources */ = {
			isa = PBXSourcesBuildPhase;
			buildActionMask = 2147483647;
			files = (
				631BA84828E3675300BEF91F /* RaceDetailView.swift in Sources */,
				631BA83C28E2E37300BEF91F /* CircuitsView.swift in Sources */,
				632C927228E2032E00F6C631 /* RankView.swift in Sources */,
				631BA84228E3466C00BEF91F /* RankTeamItemView.swift in Sources */,
				631BA84628E361FB00BEF91F /* CircuitItemView.swift in Sources */,
				631BA84028E3421400BEF91F /* RankDriverItemView.swift in Sources */,
				632C929028E2529000F6C631 /* MainView.swift in Sources */,
				632C92AE28E25EB700F6C631 /* RacesModel.swift in Sources */,
				632C928E28E251A400F6C631 /* RacesView.swift in Sources */,
				632C928B28E243CA00F6C631 /* Environment.swift in Sources */,
				632C928528E23F6200F6C631 /* APIService.swift in Sources */,
				631BA83E28E2E45400BEF91F /* CircuitsModel.swift in Sources */,
				632C927028E2032E00F6C631 /* F1_StatsApp.swift in Sources */,
				632C928128E23DB600F6C631 /* RankModel.swift in Sources */,
				631BA84428E3527100BEF91F /* RaceItemView.swift in Sources */,
			);
			runOnlyForDeploymentPostprocessing = 0;
		};
/* End PBXSourcesBuildPhase section */

/* Begin XCBuildConfiguration section */
		632C927828E2033000F6C631 /* Debug */ = {
			isa = XCBuildConfiguration;
			buildSettings = {
				ALWAYS_SEARCH_USER_PATHS = NO;
				CLANG_ANALYZER_NONNULL = YES;
				CLANG_ANALYZER_NUMBER_OBJECT_CONVERSION = YES_AGGRESSIVE;
				CLANG_CXX_LANGUAGE_STANDARD = "gnu++20";
				CLANG_ENABLE_MODULES = YES;
				CLANG_ENABLE_OBJC_ARC = YES;
				CLANG_ENABLE_OBJC_WEAK = YES;
				CLANG_WARN_BLOCK_CAPTURE_AUTORELEASING = YES;
				CLANG_WARN_BOOL_CONVERSION = YES;
				CLANG_WARN_COMMA = YES;
				CLANG_WARN_CONSTANT_CONVERSION = YES;
				CLANG_WARN_DEPRECATED_OBJC_IMPLEMENTATIONS = YES;
				CLANG_WARN_DIRECT_OBJC_ISA_USAGE = YES_ERROR;
				CLANG_WARN_DOCUMENTATION_COMMENTS = YES;
				CLANG_WARN_EMPTY_BODY = YES;
				CLANG_WARN_ENUM_CONVERSION = YES;
				CLANG_WARN_INFINITE_RECURSION = YES;
				CLANG_WARN_INT_CONVERSION = YES;
				CLANG_WARN_NON_LITERAL_NULL_CONVERSION = YES;
				CLANG_WARN_OBJC_IMPLICIT_RETAIN_SELF = YES;
				CLANG_WARN_OBJC_LITERAL_CONVERSION = YES;
				CLANG_WARN_OBJC_ROOT_CLASS = YES_ERROR;
				CLANG_WARN_QUOTED_INCLUDE_IN_FRAMEWORK_HEADER = YES;
				CLANG_WARN_RANGE_LOOP_ANALYSIS = YES;
				CLANG_WARN_STRICT_PROTOTYPES = YES;
				CLANG_WARN_SUSPICIOUS_MOVE = YES;
				CLANG_WARN_UNGUARDED_AVAILABILITY = YES_AGGRESSIVE;
				CLANG_WARN_UNREACHABLE_CODE = YES;
				CLANG_WARN__DUPLICATE_METHOD_MATCH = YES;
				COPY_PHASE_STRIP = NO;
				DEBUG_INFORMATION_FORMAT = dwarf;
				ENABLE_STRICT_OBJC_MSGSEND = YES;
				ENABLE_TESTABILITY = YES;
				GCC_C_LANGUAGE_STANDARD = gnu11;
				GCC_DYNAMIC_NO_PIC = NO;
				GCC_NO_COMMON_BLOCKS = YES;
				GCC_OPTIMIZATION_LEVEL = 0;
				GCC_PREPROCESSOR_DEFINITIONS = (
					"DEBUG=1",
					"$(inherited)",
				);
				GCC_WARN_64_TO_32_BIT_CONVERSION = YES;
				GCC_WARN_ABOUT_RETURN_TYPE = YES_ERROR;
				GCC_WARN_UNDECLARED_SELECTOR = YES;
				GCC_WARN_UNINITIALIZED_AUTOS = YES_AGGRESSIVE;
				GCC_WARN_UNUSED_FUNCTION = YES;
				GCC_WARN_UNUSED_VARIABLE = YES;
				IPHONEOS_DEPLOYMENT_TARGET = 16.0;
				MTL_ENABLE_DEBUG_INFO = INCLUDE_SOURCE;
				MTL_FAST_MATH = YES;
				ONLY_ACTIVE_ARCH = YES;
				SDKROOT = iphoneos;
				SWIFT_ACTIVE_COMPILATION_CONDITIONS = DEBUG;
				SWIFT_OPTIMIZATION_LEVEL = "-Onone";
			};
			name = Debug;
		};
		632C927928E2033000F6C631 /* Release */ = {
			isa = XCBuildConfiguration;
			buildSettings = {
				ALWAYS_SEARCH_USER_PATHS = NO;
				CLANG_ANALYZER_NONNULL = YES;
				CLANG_ANALYZER_NUMBER_OBJECT_CONVERSION = YES_AGGRESSIVE;
				CLANG_CXX_LANGUAGE_STANDARD = "gnu++20";
				CLANG_ENABLE_MODULES = YES;
				CLANG_ENABLE_OBJC_ARC = YES;
				CLANG_ENABLE_OBJC_WEAK = YES;
				CLANG_WARN_BLOCK_CAPTURE_AUTORELEASING = YES;
				CLANG_WARN_BOOL_CONVERSION = YES;
				CLANG_WARN_COMMA = YES;
				CLANG_WARN_CONSTANT_CONVERSION = YES;
				CLANG_WARN_DEPRECATED_OBJC_IMPLEMENTATIONS = YES;
				CLANG_WARN_DIRECT_OBJC_ISA_USAGE = YES_ERROR;
				CLANG_WARN_DOCUMENTATION_COMMENTS = YES;
				CLANG_WARN_EMPTY_BODY = YES;
				CLANG_WARN_ENUM_CONVERSION = YES;
				CLANG_WARN_INFINITE_RECURSION = YES;
				CLANG_WARN_INT_CONVERSION = YES;
				CLANG_WARN_NON_LITERAL_NULL_CONVERSION = YES;
				CLANG_WARN_OBJC_IMPLICIT_RETAIN_SELF = YES;
				CLANG_WARN_OBJC_LITERAL_CONVERSION = YES;
				CLANG_WARN_OBJC_ROOT_CLASS = YES_ERROR;
				CLANG_WARN_QUOTED_INCLUDE_IN_FRAMEWORK_HEADER = YES;
				CLANG_WARN_RANGE_LOOP_ANALYSIS = YES;
				CLANG_WARN_STRICT_PROTOTYPES = YES;
				CLANG_WARN_SUSPICIOUS_MOVE = YES;
				CLANG_WARN_UNGUARDED_AVAILABILITY = YES_AGGRESSIVE;
				CLANG_WARN_UNREACHABLE_CODE = YES;
				CLANG_WARN__DUPLICATE_METHOD_MATCH = YES;
				COPY_PHASE_STRIP = NO;
				DEBUG_INFORMATION_FORMAT = "dwarf-with-dsym";
				ENABLE_NS_ASSERTIONS = NO;
				ENABLE_STRICT_OBJC_MSGSEND = YES;
				GCC_C_LANGUAGE_STANDARD = gnu11;
				GCC_NO_COMMON_BLOCKS = YES;
				GCC_WARN_64_TO_32_BIT_CONVERSION = YES;
				GCC_WARN_ABOUT_RETURN_TYPE = YES_ERROR;
				GCC_WARN_UNDECLARED_SELECTOR = YES;
				GCC_WARN_UNINITIALIZED_AUTOS = YES_AGGRESSIVE;
				GCC_WARN_UNUSED_FUNCTION = YES;
				GCC_WARN_UNUSED_VARIABLE = YES;
				IPHONEOS_DEPLOYMENT_TARGET = 16.0;
				MTL_ENABLE_DEBUG_INFO = NO;
				MTL_FAST_MATH = YES;
				SDKROOT = iphoneos;
				SWIFT_COMPILATION_MODE = wholemodule;
				SWIFT_OPTIMIZATION_LEVEL = "-O";
				VALIDATE_PRODUCT = YES;
			};
			name = Release;
		};
		632C927B28E2033000F6C631 /* Debug */ = {
			isa = XCBuildConfiguration;
			baseConfigurationReference = 632C928828E241B000F6C631 /* Config.xcconfig */;
			buildSettings = {
				ASSETCATALOG_COMPILER_APPICON_NAME = AppIcon;
				ASSETCATALOG_COMPILER_GLOBAL_ACCENT_COLOR_NAME = AccentColor;
				CODE_SIGN_STYLE = Automatic;
				CURRENT_PROJECT_VERSION = 1;
				DEVELOPMENT_ASSET_PATHS = "\"F1 Stats/Preview Content\"";
				DEVELOPMENT_TEAM = ZSYG3B3F22;
				ENABLE_PREVIEWS = YES;
				GENERATE_INFOPLIST_FILE = YES;
				INFOPLIST_FILE = "F1-Stats-Info.plist";
				INFOPLIST_KEY_CFBundleDisplayName = "";
				INFOPLIST_KEY_UIApplicationSceneManifest_Generation = YES;
				INFOPLIST_KEY_UIApplicationSupportsIndirectInputEvents = YES;
				INFOPLIST_KEY_UILaunchScreen_Generation = YES;
				INFOPLIST_KEY_UISupportedInterfaceOrientations_iPad = "UIInterfaceOrientationPortrait UIInterfaceOrientationPortraitUpsideDown UIInterfaceOrientationLandscapeLeft UIInterfaceOrientationLandscapeRight";
				INFOPLIST_KEY_UISupportedInterfaceOrientations_iPhone = "UIInterfaceOrientationPortrait UIInterfaceOrientationLandscapeLeft UIInterfaceOrientationLandscapeRight";
				LD_RUNPATH_SEARCH_PATHS = (
					"$(inherited)",
					"@executable_path/Frameworks",
				);
				MARKETING_VERSION = 1.0;
				PRODUCT_BUNDLE_IDENTIFIER = "david.F1-Stats";
				PRODUCT_NAME = "$(TARGET_NAME)";
				SWIFT_EMIT_LOC_STRINGS = YES;
				SWIFT_VERSION = 5.0;
				TARGETED_DEVICE_FAMILY = "1,2";
			};
			name = Debug;
		};
		632C927C28E2033000F6C631 /* Release */ = {
			isa = XCBuildConfiguration;
			baseConfigurationReference = 632C928828E241B000F6C631 /* Config.xcconfig */;
			buildSettings = {
				ASSETCATALOG_COMPILER_APPICON_NAME = AppIcon;
				ASSETCATALOG_COMPILER_GLOBAL_ACCENT_COLOR_NAME = AccentColor;
				CODE_SIGN_STYLE = Automatic;
				CURRENT_PROJECT_VERSION = 1;
				DEVELOPMENT_ASSET_PATHS = "\"F1 Stats/Preview Content\"";
				DEVELOPMENT_TEAM = ZSYG3B3F22;
				ENABLE_PREVIEWS = YES;
				GENERATE_INFOPLIST_FILE = YES;
				INFOPLIST_FILE = "F1-Stats-Info.plist";
				INFOPLIST_KEY_CFBundleDisplayName = "";
				INFOPLIST_KEY_UIApplicationSceneManifest_Generation = YES;
				INFOPLIST_KEY_UIApplicationSupportsIndirectInputEvents = YES;
				INFOPLIST_KEY_UILaunchScreen_Generation = YES;
				INFOPLIST_KEY_UISupportedInterfaceOrientations_iPad = "UIInterfaceOrientationPortrait UIInterfaceOrientationPortraitUpsideDown UIInterfaceOrientationLandscapeLeft UIInterfaceOrientationLandscapeRight";
				INFOPLIST_KEY_UISupportedInterfaceOrientations_iPhone = "UIInterfaceOrientationPortrait UIInterfaceOrientationLandscapeLeft UIInterfaceOrientationLandscapeRight";
				LD_RUNPATH_SEARCH_PATHS = (
					"$(inherited)",
					"@executable_path/Frameworks",
				);
				MARKETING_VERSION = 1.0;
				PRODUCT_BUNDLE_IDENTIFIER = "david.F1-Stats";
				PRODUCT_NAME = "$(TARGET_NAME)";
				SWIFT_EMIT_LOC_STRINGS = YES;
				SWIFT_VERSION = 5.0;
				TARGETED_DEVICE_FAMILY = "1,2";
			};
			name = Release;
		};
/* End XCBuildConfiguration section */

/* Begin XCConfigurationList section */
		632C926728E2032E00F6C631 /* Build configuration list for PBXProject "F1 Stats" */ = {
			isa = XCConfigurationList;
			buildConfigurations = (
				632C927828E2033000F6C631 /* Debug */,
				632C927928E2033000F6C631 /* Release */,
			);
			defaultConfigurationIsVisible = 0;
			defaultConfigurationName = Release;
		};
		632C927A28E2033000F6C631 /* Build configuration list for PBXNativeTarget "F1 Stats" */ = {
			isa = XCConfigurationList;
			buildConfigurations = (
				632C927B28E2033000F6C631 /* Debug */,
				632C927C28E2033000F6C631 /* Release */,
			);
			defaultConfigurationIsVisible = 0;
			defaultConfigurationName = Release;
		};
/* End XCConfigurationList section */
	};
	rootObject = 632C926428E2032E00F6C631 /* Project object */;
}
